
Microsoft Visual Studio Solution File, Format Version 12.00
# Visual Studio Version 16
VisualStudioVersion = 16.0.30804.86
MinimumVisualStudioVersion = 10.0.40219.1
Project("{2150E333-8FDC-42A3-9474-1A3956D46DE8}") = "Application", "Application", "{23C7E183-252A-472F-916C-61662D816601}"
EndProject
Project("{2150E333-8FDC-42A3-9474-1A3956D46DE8}") = "Infrastructure", "Infrastructure", "{136EC21B-88AF-4FA6-B7F6-280EAEFCA7B7}"
EndProject
Project("{9A19103F-16F7-4668-BE54-9A1E7A4F7556}") = "HB.Presentation", "HB.Presentation\HB.Presentation.csproj", "{993592F8-9F6C-4F93-A7CD-81A29B960EB8}"
	ProjectSection(ProjectDependencies) = postProject
		{40E0C18C-B5E5-43FA-8A98-80A46D136F83} = {40E0C18C-B5E5-43FA-8A98-80A46D136F83}
		{81402EC8-D426-4E44-9988-D17B1A81F1E9} = {81402EC8-D426-4E44-9988-D17B1A81F1E9}
	EndProjectSection
EndProject
Project("{9A19103F-16F7-4668-BE54-9A1E7A4F7556}") = "HB.Core", "HB.Core\HB.Core.csproj", "{AF70FD8B-776B-4817-82B1-32F2977D6BEA}"
EndProject
Project("{9A19103F-16F7-4668-BE54-9A1E7A4F7556}") = "HB.DAL", "HB.DAL\HB.DAL.csproj", "{81402EC8-D426-4E44-9988-D17B1A81F1E9}"
EndProject
Project("{9A19103F-16F7-4668-BE54-9A1E7A4F7556}") = "HB.Entity", "HB.Entity\HB.Entity.csproj", "{091E582F-230C-4031-A9CA-2C2303EE0D15}"
EndProject
Project("{9A19103F-16F7-4668-BE54-9A1E7A4F7556}") = "HB.Mapping", "HB.Mapping\HB.Mapping.csproj", "{5D74532E-2B7F-4483-887B-3D7F5167064F}"
EndProject
Project("{9A19103F-16F7-4668-BE54-9A1E7A4F7556}") = "HB.Repository", "HB.Repository\HB.Repository.csproj", "{40E0C18C-B5E5-43FA-8A98-80A46D136F83}"
EndProject
Global
	GlobalSection(SolutionConfigurationPlatforms) = preSolution
		Debug|Any CPU = Debug|Any CPU
		Release|Any CPU = Release|Any CPU
	EndGlobalSection
	GlobalSection(ProjectConfigurationPlatforms) = postSolution
		{993592F8-9F6C-4F93-A7CD-81A29B960EB8}.Debug|Any CPU.ActiveCfg = Debug|Any CPU
		{993592F8-9F6C-4F93-A7CD-81A29B960EB8}.Debug|Any CPU.Build.0 = Debug|Any CPU
		{993592F8-9F6C-4F93-A7CD-81A29B960EB8}.Release|Any CPU.ActiveCfg = Release|Any CPU
		{993592F8-9F6C-4F93-A7CD-81A29B960EB8}.Release|Any CPU.Build.0 = Release|Any CPU
		{AF70FD8B-776B-4817-82B1-32F2977D6BEA}.Debug|Any CPU.ActiveCfg = Debug|Any CPU
		{AF70FD8B-776B-4817-82B1-32F2977D6BEA}.Debug|Any CPU.Build.0 = Debug|Any CPU
		{AF70FD8B-776B-4817-82B1-32F2977D6BEA}.Release|Any CPU.ActiveCfg = Release|Any CPU
		{AF70FD8B-776B-4817-82B1-32F2977D6BEA}.Release|Any CPU.Build.0 = Release|Any CPU
		{81402EC8-D426-4E44-9988-D17B1A81F1E9}.Debug|Any CPU.ActiveCfg = Debug|Any CPU
		{81402EC8-D426-4E44-9988-D17B1A81F1E9}.Debug|Any CPU.Build.0 = Debug|Any CPU
		{81402EC8-D426-4E44-9988-D17B1A81F1E9}.Release|Any CPU.ActiveCfg = Release|Any CPU
		{81402EC8-D426-4E44-9988-D17B1A81F1E9}.Release|Any CPU.Build.0 = Release|Any CPU
		{091E582F-230C-4031-A9CA-2C2303EE0D15}.Debug|Any CPU.ActiveCfg = Debug|Any CPU
		{091E582F-230C-4031-A9CA-2C2303EE0D15}.Debug|Any CPU.Build.0 = Debug|Any CPU
		{091E582F-230C-4031-A9CA-2C2303EE0D15}.Release|Any CPU.ActiveCfg = Release|Any CPU
		{091E582F-230C-4031-A9CA-2C2303EE0D15}.Release|Any CPU.Build.0 = Release|Any CPU
		{5D74532E-2B7F-4483-887B-3D7F5167064F}.Debug|Any CPU.ActiveCfg = Debug|Any CPU
		{5D74532E-2B7F-4483-887B-3D7F5167064F}.Debug|Any CPU.Build.0 = Debug|Any CPU
		{5D74532E-2B7F-4483-887B-3D7F5167064F}.Release|Any CPU.ActiveCfg = Release|Any CPU
		{5D74532E-2B7F-4483-887B-3D7F5167064F}.Release|Any CPU.Build.0 = Release|Any CPU
		{40E0C18C-B5E5-43FA-8A98-80A46D136F83}.Debug|Any CPU.ActiveCfg = Debug|Any CPU
		{40E0C18C-B5E5-43FA-8A98-80A46D136F83}.Debug|Any CPU.Build.0 = Debug|Any CPU
		{40E0C18C-B5E5-43FA-8A98-80A46D136F83}.Release|Any CPU.ActiveCfg = Release|Any CPU
		{40E0C18C-B5E5-43FA-8A98-80A46D136F83}.Release|Any CPU.Build.0 = Release|Any CPU
	EndGlobalSection
	GlobalSection(SolutionProperties) = preSolution
		HideSolutionNode = FALSE
	EndGlobalSection
	GlobalSection(NestedProjects) = preSolution
		{993592F8-9F6C-4F93-A7CD-81A29B960EB8} = {23C7E183-252A-472F-916C-61662D816601}
		{AF70FD8B-776B-4817-82B1-32F2977D6BEA} = {136EC21B-88AF-4FA6-B7F6-280EAEFCA7B7}
		{81402EC8-D426-4E44-9988-D17B1A81F1E9} = {136EC21B-88AF-4FA6-B7F6-280EAEFCA7B7}
		{091E582F-230C-4031-A9CA-2C2303EE0D15} = {136EC21B-88AF-4FA6-B7F6-280EAEFCA7B7}
		{5D74532E-2B7F-4483-887B-3D7F5167064F} = {136EC21B-88AF-4FA6-B7F6-280EAEFCA7B7}
		{40E0C18C-B5E5-43FA-8A98-80A46D136F83} = {136EC21B-88AF-4FA6-B7F6-280EAEFCA7B7}
	EndGlobalSection
	GlobalSection(ExtensibilityGlobals) = postSolution
		SolutionGuid = {FDD42FFB-2BFF-4B7E-8471-9EA97B5B52B4}
	EndGlobalSection
EndGlobal
